
Microsoft Visual Studio Solution File, Format Version 12.00
# Visual Studio Version 16
VisualStudioVersion = 16.0.31129.286
MinimumVisualStudioVersion = 10.0.40219.1
Project("{9A19103F-16F7-4668-BE54-9A1E7A4F7556}") = "hello", "hello\hello.csproj", "{5EA311A9-2FB1-454D-B310-EAF3624E2DD0}"
EndProject
Project("{E53339B2-1760-4266-BCC7-CA923CBCF16C}") = "docker-compose", "docker-compose.dcproj", "{09A07F01-3EC4-404D-B0D5-30ECBC48B28B}"
EndProject
Project("{FAE04EC0-301F-11D3-BF4B-00C04F79EFBC}") = "hello.UT", "hello.UT\hello.UT.csproj", "{5932ECA1-5EAC-4ADB-A256-78165E7528A5}"
EndProject
Global
	GlobalSection(SolutionConfigurationPlatforms) = preSolution
		Debug|Any CPU = Debug|Any CPU
		Release|Any CPU = Release|Any CPU
	EndGlobalSection
	GlobalSection(ProjectConfigurationPlatforms) = postSolution
		{5EA311A9-2FB1-454D-B310-EAF3624E2DD0}.Debug|Any CPU.ActiveCfg = Debug|Any CPU
		{5EA311A9-2FB1-454D-B310-EAF3624E2DD0}.Debug|Any CPU.Build.0 = Debug|Any CPU
		{5EA311A9-2FB1-454D-B310-EAF3624E2DD0}.Release|Any CPU.ActiveCfg = Release|Any CPU
		{5EA311A9-2FB1-454D-B310-EAF3624E2DD0}.Release|Any CPU.Build.0 = Release|Any CPU
		{09A07F01-3EC4-404D-B0D5-30ECBC48B28B}.Debug|Any CPU.ActiveCfg = Debug|Any CPU
		{09A07F01-3EC4-404D-B0D5-30ECBC48B28B}.Debug|Any CPU.Build.0 = Debug|Any CPU
		{09A07F01-3EC4-404D-B0D5-30ECBC48B28B}.Release|Any CPU.ActiveCfg = Release|Any CPU
		{09A07F01-3EC4-404D-B0D5-30ECBC48B28B}.Release|Any CPU.Build.0 = Release|Any CPU
		{5932ECA1-5EAC-4ADB-A256-78165E7528A5}.Debug|Any CPU.ActiveCfg = Debug|Any CPU
		{5932ECA1-5EAC-4ADB-A256-78165E7528A5}.Debug|Any CPU.Build.0 = Debug|Any CPU
		{5932ECA1-5EAC-4ADB-A256-78165E7528A5}.Release|Any CPU.ActiveCfg = Release|Any CPU
		{5932ECA1-5EAC-4ADB-A256-78165E7528A5}.Release|Any CPU.Build.0 = Release|Any CPU
	EndGlobalSection
	GlobalSection(SolutionProperties) = preSolution
		HideSolutionNode = FALSE
	EndGlobalSection
	GlobalSection(ExtensibilityGlobals) = postSolution
		SolutionGuid = {A39E4AD8-35B3-4DCD-AFF1-D768B2B2CC6D}
	EndGlobalSection
EndGlobal
